{
  "version": 4,
  "terraform_version": "1.13.4",
  "serial": 25,
  "lineage": "85fa6d9a-1e49-7a0f-16aa-c3bf32e1c856",
  "outputs": {
    "grafana_url": {
      "value": "http://13.217.103.120:3000",
      "type": "string"
    },
    "master_public_ip": {
      "value": "13.217.103.120",
      "type": "string"
    },
    "prometheus_url": {
      "value": "http://13.217.103.120:9090",
      "type": "string"
    },
    "slave_private_ip": {
      "value": "172.31.38.93",
      "type": "string"
    }
  },
  "resources": [
    {
      "module": "module.ami",
      "mode": "data",
      "type": "aws_ami",
      "name": "ubuntu",
      "provider": "provider[\"registry.terraform.io/hashicorp/aws\"]",
      "instances": [
        {
          "schema_version": 0,
          "attributes": {
            "allow_unsafe_filter": null,
            "architecture": "x86_64",
            "arn": "arn:aws:ec2:us-east-1::image/ami-0fb0b230890ccd1e6",
            "block_device_mappings": [
              {
                "device_name": "/dev/sda1",
                "ebs": {
                  "delete_on_termination": "true",
                  "encrypted": "false",
                  "iops": "0",
                  "snapshot_id": "snap-01a042ee8ac5da832",
                  "throughput": "0",
                  "volume_initialization_rate": "0",
                  "volume_size": "8",
                  "volume_type": "gp2"
                },
                "no_device": "",
                "virtual_name": ""
              },
              {
                "device_name": "/dev/sdb",
                "ebs": {},
                "no_device": "",
                "virtual_name": "ephemeral0"
              },
              {
                "device_name": "/dev/sdc",
                "ebs": {},
                "no_device": "",
                "virtual_name": "ephemeral1"
              }
            ],
            "boot_mode": "legacy-bios",
            "creation_date": "2025-06-25T05:33:11.000Z",
            "deprecation_time": "2027-06-25T05:33:11.000Z",
            "description": "Canonical, Ubuntu, 20.04, amd64 focal image",
            "ena_support": true,
            "executable_users": null,
            "filter": [
              {
                "name": "name",
                "values": [
                  "ubuntu/images/hvm-ssd/ubuntu-focal-20.04-amd64-server-*"
                ]
              }
            ],
            "hypervisor": "xen",
            "id": "ami-0fb0b230890ccd1e6",
            "image_id": "ami-0fb0b230890ccd1e6",
            "image_location": "amazon/ubuntu/images/hvm-ssd/ubuntu-focal-20.04-amd64-server-20250624",
            "image_owner_alias": "amazon",
            "image_type": "machine",
            "imds_support": "",
            "include_deprecated": false,
            "kernel_id": "",
            "last_launched_time": "",
            "most_recent": true,
            "name": "ubuntu/images/hvm-ssd/ubuntu-focal-20.04-amd64-server-20250624",
            "name_regex": null,
            "owner_id": "099720109477",
            "owners": [
              "099720109477"
            ],
            "platform": "",
            "platform_details": "Linux/UNIX",
            "product_codes": [],
            "public": true,
            "ramdisk_id": "",
            "region": "us-east-1",
            "root_device_name": "/dev/sda1",
            "root_device_type": "ebs",
            "root_snapshot_id": "snap-01a042ee8ac5da832",
            "sriov_net_support": "simple",
            "state": "available",
            "state_reason": {
              "code": "UNSET",
              "message": "UNSET"
            },
            "tags": {},
            "timeouts": null,
            "tpm_support": "",
            "uefi_data": null,
            "usage_operation": "RunInstances",
            "virtualization_type": "hvm"
          },
          "sensitive_attributes": [],
          "identity_schema_version": 0
        }
      ]
    },
    {
      "module": "module.master",
      "mode": "managed",
      "type": "aws_instance",
      "name": "this",
      "provider": "provider[\"registry.terraform.io/hashicorp/aws\"]",
      "instances": [
        {
          "schema_version": 2,
          "attributes": {
            "ami": "ami-0fb0b230890ccd1e6",
            "arn": "arn:aws:ec2:us-east-1:370319511382:instance/i-0664190b2364c6c52",
            "associate_public_ip_address": true,
            "availability_zone": "us-east-1a",
            "capacity_reservation_specification": [
              {
                "capacity_reservation_preference": "open",
                "capacity_reservation_target": []
              }
            ],
            "cpu_options": [
              {
                "amd_sev_snp": "",
                "core_count": 1,
                "threads_per_core": 2
              }
            ],
            "credit_specification": [
              {
                "cpu_credits": "unlimited"
              }
            ],
            "disable_api_stop": false,
            "disable_api_termination": false,
            "ebs_block_device": [],
            "ebs_optimized": false,
            "enable_primary_ipv6": null,
            "enclave_options": [
              {
                "enabled": false
              }
            ],
            "ephemeral_block_device": [],
            "force_destroy": false,
            "get_password_data": false,
            "hibernation": false,
            "host_id": "",
            "host_resource_group_arn": null,
            "iam_instance_profile": "",
            "id": "i-0664190b2364c6c52",
            "instance_initiated_shutdown_behavior": "stop",
            "instance_lifecycle": "",
            "instance_market_options": [],
            "instance_state": "running",
            "instance_type": "t3.micro",
            "ipv6_address_count": 0,
            "ipv6_addresses": [],
            "key_name": "key",
            "launch_template": [],
            "maintenance_options": [
              {
                "auto_recovery": "default"
              }
            ],
            "metadata_options": [
              {
                "http_endpoint": "enabled",
                "http_protocol_ipv6": "disabled",
                "http_put_response_hop_limit": 1,
                "http_tokens": "optional",
                "instance_metadata_tags": "disabled"
              }
            ],
            "monitoring": false,
            "network_interface": [],
            "outpost_arn": "",
            "password_data": "",
            "placement_group": "",
            "placement_group_id": "",
            "placement_partition_number": 0,
            "primary_network_interface": [
              {
                "delete_on_termination": true,
                "network_interface_id": "eni-019889d362d8c610e"
              }
            ],
            "primary_network_interface_id": "eni-019889d362d8c610e",
            "private_dns": "ip-172-31-40-164.ec2.internal",
            "private_dns_name_options": [
              {
                "enable_resource_name_dns_a_record": false,
                "enable_resource_name_dns_aaaa_record": false,
                "hostname_type": "ip-name"
              }
            ],
            "private_ip": "172.31.40.164",
            "public_dns": "ec2-13-217-103-120.compute-1.amazonaws.com",
            "public_ip": "13.217.103.120",
            "region": "us-east-1",
            "root_block_device": [
              {
                "delete_on_termination": true,
                "device_name": "/dev/sda1",
                "encrypted": false,
                "iops": 100,
                "kms_key_id": "",
                "tags": {},
                "tags_all": {},
                "throughput": 0,
                "volume_id": "vol-0b5d9ad59ddceb873",
                "volume_size": 8,
                "volume_type": "gp2"
              }
            ],
            "secondary_private_ips": [],
            "security_groups": [
              "monitoring-sg"
            ],
            "source_dest_check": true,
            "spot_instance_request_id": "",
            "subnet_id": "subnet-0edb2a7aaf4aa4acc",
            "tags": {
              "Environment": "dev",
              "ManagedBy": "Terraform",
              "Name": "monitoring-master",
              "Project": "monitoring"
            },
            "tags_all": {
              "Environment": "dev",
              "ManagedBy": "Terraform",
              "Name": "monitoring-master",
              "Project": "monitoring"
            },
            "tenancy": "default",
            "timeouts": null,
            "user_data": "#!/bin/bash\nset -e\n\n# update\napt-get update -y\napt-get install -y wget tar apt-transport-https software-properties-common gnupg\n\n# --------------------\n# install node_exporter\n# --------------------\nNODE_VER=\"1.6.1\"\ncd /tmp\nwget https://github.com/prometheus/node_exporter/releases/download/v1.6.1/node_exporter-1.6.1.linux-amd64.tar.gz\ntar xzf node_exporter-1.6.1.linux-amd64.tar.gz\ncp node_exporter-1.6.1.linux-amd64/node_exporter /usr/local/bin/\nuseradd --no-create-home --shell /usr/sbin/nologin node_exporter || true\n\ncat \u003e/etc/systemd/system/node_exporter.service \u003c\u003cEOF\n[Unit]\nDescription=Node Exporter\nAfter=network.target\n\n[Service]\nUser=node_exporter\nExecStart=/usr/local/bin/node_exporter\n\n[Install]\nWantedBy=default.target\nEOF\n\nsystemctl daemon-reload\nsystemctl enable --now node_exporter\n\n# --------------------\n# install Prometheus\n# --------------------\nPROM_VER=\"2.45.0\"\ncd /tmp\nwget https://github.com/prometheus/prometheus/releases/download/v2.45.0/prometheus-2.45.0.linux-amd64.tar.gz\ntar xzf prometheus-2.45.0.linux-amd64.tar.gz\nmv prometheus-2.45.0.linux-amd64 /opt/prometheus\n\nuseradd --no-create-home --shell /usr/sbin/nologin prometheus || true\nmkdir -p /etc/prometheus /var/lib/prometheus\ncp /opt/prometheus/prometheus /usr/local/bin/\ncp /opt/prometheus/promtool /usr/local/bin/\ncp -r /opt/prometheus/consoles /etc/prometheus\ncp -r /opt/prometheus/console_libraries /etc/prometheus\n\n# create prometheus.yml with both targets (master + slave)\ncat \u003e/etc/prometheus/prometheus.yml \u003c\u003cEOPY\nglobal:\n  scrape_interval: 15s\n\nscrape_configs:\n  - job_name: 'node_exporter'\n    static_configs:\n      - targets: ['localhost:9100', '172.31.38.93:9100']\nEOPY\n\nchown -R prometheus:prometheus /etc/prometheus /var/lib/prometheus\nchmod +x /usr/local/bin/prometheus\n\ncat \u003e/etc/systemd/system/prometheus.service \u003c\u003cEOF\n[Unit]\nDescription=Prometheus\nWants=network-online.target\nAfter=network-online.target\n\n[Service]\nUser=prometheus\nExecStart=/usr/local/bin/prometheus \\\n  --config.file /etc/prometheus/prometheus.yml \\\n  --storage.tsdb.path /var/lib/prometheus\n\n[Install]\nWantedBy=multi-user.target\nEOF\n\nsystemctl daemon-reload\nsystemctl enable --now prometheus\n\n# --------------------\n# install Grafana\n# --------------------\nwget -q -O - https://packages.grafana.com/gpg.key | apt-key add -\nadd-apt-repository \"deb https://packages.grafana.com/oss/deb stable main\"\napt-get update -y\napt-get install -y grafana\n\nsystemctl enable --now grafana-server\n\n# Done\necho \"Setup finished\"\n",
            "user_data_base64": null,
            "user_data_replace_on_change": false,
            "volume_tags": null,
            "vpc_security_group_ids": [
              "sg-0e3eb5b05c66e6d60"
            ]
          },
          "sensitive_attributes": [],
          "identity_schema_version": 0,
          "identity": {
            "account_id": "370319511382",
            "id": "i-0664190b2364c6c52",
            "region": "us-east-1"
          },
          "private": "eyJlMmJmYjczMC1lY2FhLTExZTYtOGY4OC0zNDM2M2JjN2M0YzAiOnsiY3JlYXRlIjo2MDAwMDAwMDAwMDAsImRlbGV0ZSI6MTIwMDAwMDAwMDAwMCwicmVhZCI6OTAwMDAwMDAwMDAwLCJ1cGRhdGUiOjYwMDAwMDAwMDAwMH0sInNjaGVtYV92ZXJzaW9uIjoiMiJ9",
          "dependencies": [
            "module.ami.data.aws_ami.ubuntu",
            "module.monitoring_sg.aws_security_group.this",
            "module.slave.aws_instance.this"
          ]
        }
      ]
    },
    {
      "module": "module.monitoring_sg",
      "mode": "managed",
      "type": "aws_security_group",
      "name": "this",
      "provider": "provider[\"registry.terraform.io/hashicorp/aws\"]",
      "instances": [
        {
          "schema_version": 1,
          "attributes": {
            "arn": "arn:aws:ec2:us-east-1:370319511382:security-group/sg-0e3eb5b05c66e6d60",
            "description": "Allow SSH, Prometheus, Grafana, node_exporter",
            "egress": [
              {
                "cidr_blocks": [
                  "0.0.0.0/0"
                ],
                "description": "",
                "from_port": 0,
                "ipv6_cidr_blocks": [],
                "prefix_list_ids": [],
                "protocol": "-1",
                "security_groups": [],
                "self": false,
                "to_port": 0
              }
            ],
            "id": "sg-0e3eb5b05c66e6d60",
            "ingress": [
              {
                "cidr_blocks": [
                  "0.0.0.0/0"
                ],
                "description": "Grafana",
                "from_port": 3000,
                "ipv6_cidr_blocks": [],
                "prefix_list_ids": [],
                "protocol": "tcp",
                "security_groups": [],
                "self": false,
                "to_port": 3000
              },
              {
                "cidr_blocks": [
                  "0.0.0.0/0"
                ],
                "description": "Prometheus",
                "from_port": 9090,
                "ipv6_cidr_blocks": [],
                "prefix_list_ids": [],
                "protocol": "tcp",
                "security_groups": [],
                "self": false,
                "to_port": 9090
              },
              {
                "cidr_blocks": [
                  "0.0.0.0/0"
                ],
                "description": "SSH",
                "from_port": 22,
                "ipv6_cidr_blocks": [],
                "prefix_list_ids": [],
                "protocol": "tcp",
                "security_groups": [],
                "self": false,
                "to_port": 22
              },
              {
                "cidr_blocks": [
                  "0.0.0.0/0"
                ],
                "description": "node_exporter",
                "from_port": 9100,
                "ipv6_cidr_blocks": [],
                "prefix_list_ids": [],
                "protocol": "tcp",
                "security_groups": [],
                "self": false,
                "to_port": 9100
              }
            ],
            "name": "monitoring-sg",
            "name_prefix": "",
            "owner_id": "370319511382",
            "region": "us-east-1",
            "revoke_rules_on_delete": false,
            "tags": {
              "Environment": "dev",
              "ManagedBy": "Terraform",
              "Project": "monitoring"
            },
            "tags_all": {
              "Environment": "dev",
              "ManagedBy": "Terraform",
              "Project": "monitoring"
            },
            "timeouts": null,
            "vpc_id": "vpc-097071f0cffd7acb5"
          },
          "sensitive_attributes": [],
          "identity_schema_version": 0,
          "identity": {
            "account_id": "370319511382",
            "id": "sg-0e3eb5b05c66e6d60",
            "region": "us-east-1"
          },
          "private": "eyJlMmJmYjczMC1lY2FhLTExZTYtOGY4OC0zNDM2M2JjN2M0YzAiOnsiY3JlYXRlIjo2MDAwMDAwMDAwMDAsImRlbGV0ZSI6OTAwMDAwMDAwMDAwfSwic2NoZW1hX3ZlcnNpb24iOiIxIn0="
        }
      ]
    },
    {
      "module": "module.slave",
      "mode": "managed",
      "type": "aws_instance",
      "name": "this",
      "provider": "provider[\"registry.terraform.io/hashicorp/aws\"]",
      "instances": [
        {
          "schema_version": 2,
          "attributes": {
            "ami": "ami-0fb0b230890ccd1e6",
            "arn": "arn:aws:ec2:us-east-1:370319511382:instance/i-088f3254e2b2a4e9c",
            "associate_public_ip_address": true,
            "availability_zone": "us-east-1a",
            "capacity_reservation_specification": [
              {
                "capacity_reservation_preference": "open",
                "capacity_reservation_target": []
              }
            ],
            "cpu_options": [
              {
                "amd_sev_snp": "",
                "core_count": 1,
                "threads_per_core": 2
              }
            ],
            "credit_specification": [
              {
                "cpu_credits": "unlimited"
              }
            ],
            "disable_api_stop": false,
            "disable_api_termination": false,
            "ebs_block_device": [],
            "ebs_optimized": false,
            "enable_primary_ipv6": null,
            "enclave_options": [
              {
                "enabled": false
              }
            ],
            "ephemeral_block_device": [],
            "force_destroy": false,
            "get_password_data": false,
            "hibernation": false,
            "host_id": "",
            "host_resource_group_arn": null,
            "iam_instance_profile": "",
            "id": "i-088f3254e2b2a4e9c",
            "instance_initiated_shutdown_behavior": "stop",
            "instance_lifecycle": "",
            "instance_market_options": [],
            "instance_state": "running",
            "instance_type": "t3.micro",
            "ipv6_address_count": 0,
            "ipv6_addresses": [],
            "key_name": "key",
            "launch_template": [],
            "maintenance_options": [
              {
                "auto_recovery": "default"
              }
            ],
            "metadata_options": [
              {
                "http_endpoint": "enabled",
                "http_protocol_ipv6": "disabled",
                "http_put_response_hop_limit": 1,
                "http_tokens": "optional",
                "instance_metadata_tags": "disabled"
              }
            ],
            "monitoring": false,
            "network_interface": [],
            "outpost_arn": "",
            "password_data": "",
            "placement_group": "",
            "placement_group_id": "",
            "placement_partition_number": 0,
            "primary_network_interface": [
              {
                "delete_on_termination": true,
                "network_interface_id": "eni-063ddb800d908b86c"
              }
            ],
            "primary_network_interface_id": "eni-063ddb800d908b86c",
            "private_dns": "ip-172-31-38-93.ec2.internal",
            "private_dns_name_options": [
              {
                "enable_resource_name_dns_a_record": false,
                "enable_resource_name_dns_aaaa_record": false,
                "hostname_type": "ip-name"
              }
            ],
            "private_ip": "172.31.38.93",
            "public_dns": "ec2-18-232-87-247.compute-1.amazonaws.com",
            "public_ip": "18.232.87.247",
            "region": "us-east-1",
            "root_block_device": [
              {
                "delete_on_termination": true,
                "device_name": "/dev/sda1",
                "encrypted": false,
                "iops": 100,
                "kms_key_id": "",
                "tags": {},
                "tags_all": {},
                "throughput": 0,
                "volume_id": "vol-0765a2fba9a8fdb65",
                "volume_size": 8,
                "volume_type": "gp2"
              }
            ],
            "secondary_private_ips": [],
            "security_groups": [
              "monitoring-sg"
            ],
            "source_dest_check": true,
            "spot_instance_request_id": "",
            "subnet_id": "subnet-0edb2a7aaf4aa4acc",
            "tags": {
              "Environment": "dev",
              "ManagedBy": "Terraform",
              "Name": "monitoring-slave",
              "Project": "monitoring"
            },
            "tags_all": {
              "Environment": "dev",
              "ManagedBy": "Terraform",
              "Name": "monitoring-slave",
              "Project": "monitoring"
            },
            "tenancy": "default",
            "timeouts": null,
            "user_data": "#!/bin/bash\nset -e\n\napt-get update -y\napt-get install -y wget tar\n\n# install node_exporter\nNODE_VER=\"1.6.1\"\ncd /tmp\nwget https://github.com/prometheus/node_exporter/releases/download/v${NODE_VER}/node_exporter-${NODE_VER}.linux-amd64.tar.gz\ntar xzf node_exporter-${NODE_VER}.linux-amd64.tar.gz\ncp node_exporter-${NODE_VER}.linux-amd64/node_exporter /usr/local/bin/\nuseradd --no-create-home --shell /usr/sbin/nologin node_exporter || true\n\ncat \u003e/etc/systemd/system/node_exporter.service \u003c\u003cEOF\n[Unit]\nDescription=Node Exporter\nAfter=network.target\n\n[Service]\nUser=node_exporter\nExecStart=/usr/local/bin/node_exporter\n\n[Install]\nWantedBy=default.target\nEOF\n\nsystemctl daemon-reload\nsystemctl enable --now node_exporter\n\necho \"slave node_exporter installed\"\n",
            "user_data_base64": null,
            "user_data_replace_on_change": false,
            "volume_tags": null,
            "vpc_security_group_ids": [
              "sg-0e3eb5b05c66e6d60"
            ]
          },
          "sensitive_attributes": [],
          "identity_schema_version": 0,
          "identity": {
            "account_id": "370319511382",
            "id": "i-088f3254e2b2a4e9c",
            "region": "us-east-1"
          },
          "private": "eyJlMmJmYjczMC1lY2FhLTExZTYtOGY4OC0zNDM2M2JjN2M0YzAiOnsiY3JlYXRlIjo2MDAwMDAwMDAwMDAsImRlbGV0ZSI6MTIwMDAwMDAwMDAwMCwicmVhZCI6OTAwMDAwMDAwMDAwLCJ1cGRhdGUiOjYwMDAwMDAwMDAwMH0sInNjaGVtYV92ZXJzaW9uIjoiMiJ9",
          "dependencies": [
            "module.ami.data.aws_ami.ubuntu",
            "module.monitoring_sg.aws_security_group.this"
          ]
        }
      ]
    }
  ],
  "check_results": null
}
